// !$*UTF8*$!
{
	archiveVersion = 1;
	classes = {
	};
	objectVersion = 54;
	objects = {

/* Begin PBXBuildFile section */
		16C76694359DE6E9A7C688FE00C77DF7 /* Pods_ZFAd_impl.framework in Frameworks */ = {isa = PBXBuildFile; fileRef = 0031DAD21492D400DFA3687A65D8F25A /* Pods_ZFAd_impl.framework */; };
		F971A3029702B0505E3342EF782FBBAE /* zfgensrc_ZFAd_impl.mm in Sources */ = {isa = PBXBuildFile; fileRef = A422DF68E9A0CA9D0A975301E7B2ED6E /* zfgensrc_ZFAd_impl.mm */; };
		FD27B503AA4376885B4CDCBE46B0F18F /* Foundation.framework in Frameworks */ = {isa = PBXBuildFile; fileRef = C97020534066BCCBEE3648A857D09A8A /* Foundation.framework */; };
/* End PBXBuildFile section */

/* Begin PBXCopyFilesBuildPhase section */
		DE700A2FCBF92BF178B410747B44EF4C /* CopyFiles */ = {
			isa = PBXCopyFilesBuildPhase;
			buildActionMask = 2147483647;
			dstPath = "include/$(PRODUCT_NAME)";
			dstSubfolderSpec = 16;
			files = (
			);
			runOnlyForDeploymentPostprocessing = 0;
		};
/* End PBXCopyFilesBuildPhase section */

/* Begin PBXFileReference section */
		0031DAD21492D400DFA3687A65D8F25A /* Pods_ZFAd_impl.framework */ = {isa = PBXFileReference; explicitFileType = wrapper.framework; includeInIndex = 0; path = Pods_ZFAd_impl.framework; sourceTree = BUILT_PRODUCTS_DIR; };
		3C2A1C413BA8FD044962287A599F9CC4 /* Pods-ZFAd_impl.release.xcconfig */ = {isa = PBXFileReference; includeInIndex = 1; lastKnownFileType = text.xcconfig; name = "Pods-ZFAd_impl.release.xcconfig"; path = "Target Support Files/Pods-ZFAd_impl/Pods-ZFAd_impl.release.xcconfig"; sourceTree = "<group>"; };
		5AC1A3951512326A35AD3CEC659A4F5F /* zfsrc */ = {isa = PBXFileReference; lastKnownFileType = folder; name = zfsrc; path = ../../../zfsrc; sourceTree = "<group>"; };
		5F96CE8FBC2DAEF0C0C4C7EDB3EF8ACB /* Pods-ZFAd_impl.debug.xcconfig */ = {isa = PBXFileReference; includeInIndex = 1; lastKnownFileType = text.xcconfig; name = "Pods-ZFAd_impl.debug.xcconfig"; path = "Target Support Files/Pods-ZFAd_impl/Pods-ZFAd_impl.debug.xcconfig"; sourceTree = "<group>"; };
		A422DF68E9A0CA9D0A975301E7B2ED6E /* zfgensrc_ZFAd_impl.mm */ = {isa = PBXFileReference; fileEncoding = 4; lastKnownFileType = sourcecode.cpp.objcpp; path = zfgensrc_ZFAd_impl.mm; sourceTree = "<group>"; };
		B7C94D7C8EEE9E7B388381537FD32098 /* libZFAd_impl.a */ = {isa = PBXFileReference; explicitFileType = archive.ar; includeInIndex = 0; path = libZFAd_impl.a; sourceTree = BUILT_PRODUCTS_DIR; };
		C97020534066BCCBEE3648A857D09A8A /* Foundation.framework */ = {isa = PBXFileReference; lastKnownFileType = wrapper.framework; name = Foundation.framework; path = System/Library/Frameworks/Foundation.framework; sourceTree = SDKROOT; };
/* End PBXFileReference section */

/* Begin PBXFrameworksBuildPhase section */
		33441DCDAF573F8485EF85E84D65AD97 /* Frameworks */ = {
			isa = PBXFrameworksBuildPhase;
			buildActionMask = 2147483647;
			files = (
				FD27B503AA4376885B4CDCBE46B0F18F /* Foundation.framework in Frameworks */,
				16C76694359DE6E9A7C688FE00C77DF7 /* Pods_ZFAd_impl.framework in Frameworks */,
			);
			runOnlyForDeploymentPostprocessing = 0;
		};
/* End PBXFrameworksBuildPhase section */

/* Begin PBXGroup section */
		023B13271B9EDDFD13B797B3884168D9 /* Frameworks */ = {
			isa = PBXGroup;
			children = (
				C97020534066BCCBEE3648A857D09A8A /* Foundation.framework */,
				0031DAD21492D400DFA3687A65D8F25A /* Pods_ZFAd_impl.framework */,
			);
			name = Frameworks;
			sourceTree = "<group>";
		};
		516890523BEE047C55D9BADB1F29E5BA /* ZFAd_impl */ = {
			isa = PBXGroup;
			children = (
				5AC1A3951512326A35AD3CEC659A4F5F /* zfsrc */,
			);
			name = ZFAd_impl;
			sourceTree = "<group>";
		};
		520AC4A27BDBB9E08191FD9A91FD76F1 = {
			isa = PBXGroup;
			children = (
				023B13271B9EDDFD13B797B3884168D9 /* Frameworks */,
				BB39CB7CF0021384C593003FF91DB07F /* Pods */,
				60388ED854D421A4F876318BC9EEEBA6 /* Products */,
				74477D1B9A338C5AFD48F839848A8175 /* ProjectFiles */,
				516890523BEE047C55D9BADB1F29E5BA /* ZFAd_impl */,
			);
			sourceTree = "<group>";
		};
		60388ED854D421A4F876318BC9EEEBA6 /* Products */ = {
			isa = PBXGroup;
			children = (
				B7C94D7C8EEE9E7B388381537FD32098 /* libZFAd_impl.a */,
			);
			name = Products;
			sourceTree = "<group>";
		};
		74477D1B9A338C5AFD48F839848A8175 /* ProjectFiles */ = {
			isa = PBXGroup;
			children = (
				A422DF68E9A0CA9D0A975301E7B2ED6E /* zfgensrc_ZFAd_impl.mm */,
			);
			path = ProjectFiles;
			sourceTree = "<group>";
		};
		BB39CB7CF0021384C593003FF91DB07F /* Pods */ = {
			isa = PBXGroup;
			children = (
				5F96CE8FBC2DAEF0C0C4C7EDB3EF8ACB /* Pods-ZFAd_impl.debug.xcconfig */,
				3C2A1C413BA8FD044962287A599F9CC4 /* Pods-ZFAd_impl.release.xcconfig */,
			);
			path = Pods;
			sourceTree = "<group>";
		};
/* End PBXGroup section */

/* Begin PBXNativeTarget section */
		F7F0AAAEB3883231DAA8A0D46D0628F2 /* ZFAd_impl */ = {
			isa = PBXNativeTarget;
			buildConfigurationList = C61220C702A9105B1B297014760943E0 /* Build configuration list for PBXNativeTarget "ZFAd_impl" */;
			buildPhases = (
				8F580C1031539B3DD8E49DFBF0F4BBE3 /* [CP] Check Pods Manifest.lock */,
				E1530C50F1B8BACE41FC4D58AFFCDB4F /* ZFCompileSource */,
				08E376943F4DED35FC2610C82D873AD0 /* Sources */,
				33441DCDAF573F8485EF85E84D65AD97 /* Frameworks */,
				DE700A2FCBF92BF178B410747B44EF4C /* CopyFiles */,
				45F121A8ADB988920382ACECF583199B /* ZFUniqueProj */,
			);
			buildRules = (
			);
			dependencies = (
			);
			name = ZFAd_impl;
			productName = ZFAd_impl;
			productReference = B7C94D7C8EEE9E7B388381537FD32098 /* libZFAd_impl.a */;
			productType = "com.apple.product-type.library.static";
		};
/* End PBXNativeTarget section */

/* Begin PBXProject section */
		5E11B667BCE2BCF1A4D43AC89ACE7EED /* Project object */ = {
			isa = PBXProject;
			attributes = {
				BuildIndependentTargetsInParallel = YES;
				LastUpgradeCheck = 2600;
				ORGANIZATIONNAME = ZFFramework;
				TargetAttributes = {
					F7F0AAAEB3883231DAA8A0D46D0628F2 = {
						CreatedOnToolsVersion = 9.2;
						ProvisioningStyle = Automatic;
					};
				};
			};
			buildConfigurationList = C29B2E74FF0D76BE3CE792B11D5541C6 /* Build configuration list for PBXProject "ZFAd_impl" */;
			compatibilityVersion = "Xcode 8.0";
			developmentRegion = en;
			hasScannedForEncodings = 0;
			knownRegions = (
				en,
				Base,
			);
			mainGroup = 520AC4A27BDBB9E08191FD9A91FD76F1;
			productRefGroup = 60388ED854D421A4F876318BC9EEEBA6 /* Products */;
			projectDirPath = "";
			projectRoot = "";
			targets = (
				F7F0AAAEB3883231DAA8A0D46D0628F2 /* ZFAd_impl */,
			);
		};
/* End PBXProject section */

/* Begin PBXShellScriptBuildPhase section */
		45F121A8ADB988920382ACECF583199B /* ZFUniqueProj */ = {
			isa = PBXShellScriptBuildPhase;
			alwaysOutOfDate = 1;
			buildActionMask = 2147483647;
			files = (
			);
			inputPaths = (
			);
			name = ZFUniqueProj;
			outputPaths = (
			);
			runOnlyForDeploymentPostprocessing = 0;
			shellPath = /bin/sh;
			shellScript = "sh ${SRCROOT}/../../../../../../ZFFramework/tools/spec/iOS/unique_proj.sh \"${SRCROOT}/${PROJECT_NAME}.xcodeproj\"\n";
		};
		8F580C1031539B3DD8E49DFBF0F4BBE3 /* [CP] Check Pods Manifest.lock */ = {
			isa = PBXShellScriptBuildPhase;
			buildActionMask = 2147483647;
			files = (
			);
			inputFileListPaths = (
			);
			inputPaths = (
				"${PODS_PODFILE_DIR_PATH}/Podfile.lock",
				"${PODS_ROOT}/Manifest.lock",
			);
			name = "[CP] Check Pods Manifest.lock";
			outputFileListPaths = (
			);
			outputPaths = (
				"$(DERIVED_FILE_DIR)/Pods-ZFAd_impl-checkManifestLockResult.txt",
			);
			runOnlyForDeploymentPostprocessing = 0;
			shellPath = /bin/sh;
			shellScript = "diff \"${PODS_PODFILE_DIR_PATH}/Podfile.lock\" \"${PODS_ROOT}/Manifest.lock\" > /dev/null\nif [ $? != 0 ] ; then\n    # print error to STDERR\n    echo \"error: The sandbox is not in sync with the Podfile.lock. Run 'pod install' or update your CocoaPods installation.\" >&2\n    exit 1\nfi\n# This output is used by Xcode 'outputs' to avoid re-running this script phase.\necho \"SUCCESS\" > \"${SCRIPT_OUTPUT_FILE_0}\"\n";
			showEnvVarsInLog = 0;
		};
		E1530C50F1B8BACE41FC4D58AFFCDB4F /* ZFCompileSource */ = {
			isa = PBXShellScriptBuildPhase;
			alwaysOutOfDate = 1;
			buildActionMask = 2147483647;
			files = (
			);
			inputPaths = (
			);
			name = ZFCompileSource;
			outputPaths = (
				"$(SRCROOT)/ProjectFiles/zfgensrc_ZFAd_impl.mm",
			);
			runOnlyForDeploymentPostprocessing = 0;
			shellPath = /bin/sh;
			shellScript = "sh ${SRCROOT}/../../../../../../ZFFramework/tools/common/unity_build.sh \"${SRCROOT}/ProjectFiles/zfgensrc_ZFAd_impl.mm\" \"${SRCROOT}/../../../zfsrc\"";
		};
/* End PBXShellScriptBuildPhase section */

/* Begin PBXSourcesBuildPhase section */
		08E376943F4DED35FC2610C82D873AD0 /* Sources */ = {
			isa = PBXSourcesBuildPhase;
			buildActionMask = 2147483647;
			files = (
				F971A3029702B0505E3342EF782FBBAE /* zfgensrc_ZFAd_impl.mm in Sources */,
			);
			runOnlyForDeploymentPostprocessing = 0;
		};
/* End PBXSourcesBuildPhase section */

/* Begin XCBuildConfiguration section */
		08AB68E231AA0DCDC0C567D063CF9BAA /* Debug */ = {
			isa = XCBuildConfiguration;
			baseConfigurationReference = 5F96CE8FBC2DAEF0C0C4C7EDB3EF8ACB /* Pods-ZFAd_impl.debug.xcconfig */;
			buildSettings = {
				CLANG_ENABLE_OBJC_ARC = YES;
				CODE_SIGN_STYLE = Automatic;
				DEBUG_INFORMATION_FORMAT = "dwarf-with-dsym";
				ENABLE_BITCODE = NO;
				GCC_INLINES_ARE_PRIVATE_EXTERN = YES;
				GCC_SYMBOLS_PRIVATE_EXTERN = YES;
				MACH_O_TYPE = staticlib;
				OTHER_LDFLAGS = (
					"$(inherited)",
					"-Objc",
					"-all_load",
				);
				PRODUCT_NAME = "$(TARGET_NAME)";
				SKIP_INSTALL = YES;
				USER_HEADER_SEARCH_PATHS = (
					"$(inherited)",
					"${SRCROOT}/../../../zfsrc",
					"${SRCROOT}/../../../../../../ZFFramework/_release/iOS/all/include",
				);
				WARNING_CFLAGS = "-Wpartial-availability";
			};
			name = Debug;
		};
		240A67DA9750A6B6019FD43F5943669D /* Release */ = {
			isa = XCBuildConfiguration;
			buildSettings = {
				ALWAYS_SEARCH_USER_PATHS = NO;
				CLANG_CXX_LANGUAGE_STANDARD = "gnu++0x";
				CLANG_CXX_LIBRARY = "libc++";
				CLANG_ENABLE_MODULES = YES;
				CLANG_ENABLE_OBJC_ARC = YES;
				CLANG_WARN_BLOCK_CAPTURE_AUTORELEASING = YES;
				CLANG_WARN_BOOL_CONVERSION = YES;
				CLANG_WARN_COMMA = YES;
				CLANG_WARN_CONSTANT_CONVERSION = YES;
				CLANG_WARN_DEPRECATED_OBJC_IMPLEMENTATIONS = YES;
				CLANG_WARN_DIRECT_OBJC_ISA_USAGE = YES_ERROR;
				CLANG_WARN_EMPTY_BODY = YES;
				CLANG_WARN_ENUM_CONVERSION = YES;
				CLANG_WARN_INFINITE_RECURSION = YES;
				CLANG_WARN_INT_CONVERSION = YES;
				CLANG_WARN_NON_LITERAL_NULL_CONVERSION = YES;
				CLANG_WARN_OBJC_IMPLICIT_RETAIN_SELF = YES;
				CLANG_WARN_OBJC_LITERAL_CONVERSION = YES;
				CLANG_WARN_OBJC_ROOT_CLASS = YES_ERROR;
				CLANG_WARN_QUOTED_INCLUDE_IN_FRAMEWORK_HEADER = YES;
				CLANG_WARN_RANGE_LOOP_ANALYSIS = YES;
				CLANG_WARN_STRICT_PROTOTYPES = YES;
				CLANG_WARN_SUSPICIOUS_MOVE = YES;
				CLANG_WARN_UNREACHABLE_CODE = YES;
				CLANG_WARN__DUPLICATE_METHOD_MATCH = YES;
				"CODE_SIGN_IDENTITY[sdk=iphoneos*]" = "iPhone Developer";
				COPY_PHASE_STRIP = NO;
				DEBUG_INFORMATION_FORMAT = "dwarf-with-dsym";
				ENABLE_NS_ASSERTIONS = NO;
				ENABLE_STRICT_OBJC_MSGSEND = YES;
				ENABLE_USER_SCRIPT_SANDBOXING = NO;
				GCC_C_LANGUAGE_STANDARD = gnu99;
				GCC_NO_COMMON_BLOCKS = YES;
				GCC_WARN_64_TO_32_BIT_CONVERSION = YES;
				GCC_WARN_ABOUT_RETURN_TYPE = YES_ERROR;
				GCC_WARN_UNDECLARED_SELECTOR = YES;
				GCC_WARN_UNINITIALIZED_AUTOS = YES_AGGRESSIVE;
				GCC_WARN_UNUSED_FUNCTION = YES;
				GCC_WARN_UNUSED_VARIABLE = YES;
				IPHONEOS_DEPLOYMENT_TARGET = 12.0;
				MTL_ENABLE_DEBUG_INFO = NO;
				SDKROOT = iphoneos;
				STRING_CATALOG_GENERATE_SYMBOLS = YES;
				VALIDATE_PRODUCT = YES;
			};
			name = Release;
		};
		68013FBDBF500920A06FAC2E5942736F /* Debug */ = {
			isa = XCBuildConfiguration;
			buildSettings = {
				ALWAYS_SEARCH_USER_PATHS = NO;
				CLANG_CXX_LANGUAGE_STANDARD = "gnu++0x";
				CLANG_CXX_LIBRARY = "libc++";
				CLANG_ENABLE_MODULES = YES;
				CLANG_ENABLE_OBJC_ARC = YES;
				CLANG_WARN_BLOCK_CAPTURE_AUTORELEASING = YES;
				CLANG_WARN_BOOL_CONVERSION = YES;
				CLANG_WARN_COMMA = YES;
				CLANG_WARN_CONSTANT_CONVERSION = YES;
				CLANG_WARN_DEPRECATED_OBJC_IMPLEMENTATIONS = YES;
				CLANG_WARN_DIRECT_OBJC_ISA_USAGE = YES_ERROR;
				CLANG_WARN_EMPTY_BODY = YES;
				CLANG_WARN_ENUM_CONVERSION = YES;
				CLANG_WARN_INFINITE_RECURSION = YES;
				CLANG_WARN_INT_CONVERSION = YES;
				CLANG_WARN_NON_LITERAL_NULL_CONVERSION = YES;
				CLANG_WARN_OBJC_IMPLICIT_RETAIN_SELF = YES;
				CLANG_WARN_OBJC_LITERAL_CONVERSION = YES;
				CLANG_WARN_OBJC_ROOT_CLASS = YES_ERROR;
				CLANG_WARN_QUOTED_INCLUDE_IN_FRAMEWORK_HEADER = YES;
				CLANG_WARN_RANGE_LOOP_ANALYSIS = YES;
				CLANG_WARN_STRICT_PROTOTYPES = YES;
				CLANG_WARN_SUSPICIOUS_MOVE = YES;
				CLANG_WARN_UNREACHABLE_CODE = YES;
				CLANG_WARN__DUPLICATE_METHOD_MATCH = YES;
				"CODE_SIGN_IDENTITY[sdk=iphoneos*]" = "iPhone Developer";
				COPY_PHASE_STRIP = NO;
				DEBUG_INFORMATION_FORMAT = "dwarf-with-dsym";
				ENABLE_STRICT_OBJC_MSGSEND = YES;
				ENABLE_TESTABILITY = YES;
				ENABLE_USER_SCRIPT_SANDBOXING = NO;
				GCC_C_LANGUAGE_STANDARD = gnu99;
				GCC_DYNAMIC_NO_PIC = NO;
				GCC_NO_COMMON_BLOCKS = YES;
				GCC_OPTIMIZATION_LEVEL = 0;
				GCC_PREPROCESSOR_DEFINITIONS = (
					"DEBUG=1",
					"$(inherited)",
				);
				GCC_WARN_64_TO_32_BIT_CONVERSION = YES;
				GCC_WARN_ABOUT_RETURN_TYPE = YES_ERROR;
				GCC_WARN_UNDECLARED_SELECTOR = YES;
				GCC_WARN_UNINITIALIZED_AUTOS = YES_AGGRESSIVE;
				GCC_WARN_UNUSED_FUNCTION = YES;
				GCC_WARN_UNUSED_VARIABLE = YES;
				IPHONEOS_DEPLOYMENT_TARGET = 12.0;
				MTL_ENABLE_DEBUG_INFO = YES;
				ONLY_ACTIVE_ARCH = YES;
				SDKROOT = iphoneos;
				STRING_CATALOG_GENERATE_SYMBOLS = YES;
			};
			name = Debug;
		};
		E8FD2B9F4F3924727F7B4B2E13B994F1 /* Release */ = {
			isa = XCBuildConfiguration;
			baseConfigurationReference = 3C2A1C413BA8FD044962287A599F9CC4 /* Pods-ZFAd_impl.release.xcconfig */;
			buildSettings = {
				CLANG_ENABLE_OBJC_ARC = YES;
				CODE_SIGN_STYLE = Automatic;
				DEBUG_INFORMATION_FORMAT = "dwarf-with-dsym";
				ENABLE_BITCODE = NO;
				GCC_INLINES_ARE_PRIVATE_EXTERN = YES;
				GCC_SYMBOLS_PRIVATE_EXTERN = YES;
				MACH_O_TYPE = staticlib;
				OTHER_LDFLAGS = (
					"$(inherited)",
					"-Objc",
					"-all_load",
				);
				PRODUCT_NAME = "$(TARGET_NAME)";
				SKIP_INSTALL = YES;
				USER_HEADER_SEARCH_PATHS = (
					"$(inherited)",
					"${SRCROOT}/../../../zfsrc",
					"${SRCROOT}/../../../../../../ZFFramework/_release/iOS/all/include",
				);
				WARNING_CFLAGS = "-Wpartial-availability";
			};
			name = Release;
		};
/* End XCBuildConfiguration section */

/* Begin XCConfigurationList section */
		C29B2E74FF0D76BE3CE792B11D5541C6 /* Build configuration list for PBXProject "ZFAd_impl" */ = {
			isa = XCConfigurationList;
			buildConfigurations = (
				68013FBDBF500920A06FAC2E5942736F /* Debug */,
				240A67DA9750A6B6019FD43F5943669D /* Release */,
			);
			defaultConfigurationIsVisible = 0;
			defaultConfigurationName = Release;
		};
		C61220C702A9105B1B297014760943E0 /* Build configuration list for PBXNativeTarget "ZFAd_impl" */ = {
			isa = XCConfigurationList;
			buildConfigurations = (
				08AB68E231AA0DCDC0C567D063CF9BAA /* Debug */,
				E8FD2B9F4F3924727F7B4B2E13B994F1 /* Release */,
			);
			defaultConfigurationIsVisible = 0;
			defaultConfigurationName = Release;
		};
/* End XCConfigurationList section */
	};
	rootObject = 5E11B667BCE2BCF1A4D43AC89ACE7EED /* Project object */;
}
